# This file is autogenerated, do not edit; changes may be undone by the next 'dep ensure'.


[[projects]]
  branch = "master"
  digest = "1:fe263ed63544c9cb65bbbcfa17dbe48eb7dfb1203e9af20409e36a46b1d98baa"
  name = "github.com/gocql/gocql"
  packages = [
    ".",
    "internal/lru",
    "internal/murmur",
    "internal/streams",
  ]
  pruneopts = "UT"
  revision = "8516aabb0f993b6c0d88b66d46e54a90d622671d"

[[projects]]
  branch = "master"
  digest = "1:4a0c6bb4805508a6287675fac876be2ac1182539ca8a32468d8128882e9d5009"
  name = "github.com/golang/snappy"
  packages = ["."]
  pruneopts = "UT"
  revision = "2e65f85255dbc3072edf28d6b5b8efc472979f5a"

[[projects]]
  branch = "master"
  digest = "1:364b908b9b27b97ab838f2f6f1b1f46281fa29b978a037d72a9b1d4f6d940190"
  name = "github.com/hailocab/go-hostpool"
  packages = ["."]
  pruneopts = "UT"
  revision = "e80d13ce29ede4452c43dea11e79b9bc8a15b478"

[[projects]]
  branch = "master"
  digest = "1:0fabc073fb52287e01405bd06fe721b968970fc0f6c88714a070afb2097e552a"
  name = "github.com/orcaman/concurrent-map"
  packages = ["."]
  pruneopts = "UT"
  revision = "7ed82d9cb71768a4e3656ee8837c7af568c75459"

[[projects]]
  branch = "master"
  digest = "1:1d37656ac17cb147edff8387dda4f20d71c8b081106df4369d41a498f9c7f313"
  name = "github.com/subiz/idgen"
  packages = ["."]
  pruneopts = "UT"
  revision = "1184b591786614f164c481728bf1da184b99f68f"

[[projects]]
  digest = "1:2d1fbdc6777e5408cabeb02bf336305e724b925ff4546ded0fa8715a7267922a"
  name = "gopkg.in/inf.v0"
  packages = ["."]
  pruneopts = "UT"
  revision = "d2d2541c53f18d2a059457998ce2876cc8e67cbf"
  version = "v0.9.1"

[solve-meta]
  analyzer-name = "dep"
  analyzer-version = 1
  input-imports = [
    "github.com/gocql/gocql",
    "github.com/orcaman/concurrent-map",
    "github.com/subiz/idgen",
  ]
  solver-name = "gps-cdcl"
  solver-version = 1
